
Microsoft Visual Studio Solution File, Format Version 12.00
# 
Project("{FAE04EC0-301F-11D3-BF4B-00C04F79EFBC}") = "Main", "Main\Main.csproj", "{5253D1B5-C03C-44D2-B251-2CCC6A1D3158}"
EndProject
Project("{FAE04EC0-301F-11D3-BF4B-00C04F79EFBC}") = "Application", "Application\Application.csproj", "{4C09B9CA-14CB-4C53-B6D5-B1F2A72026C8}"
EndProject
Project("{FAE04EC0-301F-11D3-BF4B-00C04F79EFBC}") = "Domain", "Domain\Domain.csproj", "{98BCC45C-0780-4A42-8DF4-26BF210BCACE}"
EndProject
Project("{FAE04EC0-301F-11D3-BF4B-00C04F79EFBC}") = "Infrastructure", "Infrastructure\Infrastructure.csproj", "{BF758F5A-0245-4984-B866-7117C5E137F9}"
EndProject
Project("{FAE04EC0-301F-11D3-BF4B-00C04F79EFBC}") = "Tests", "Tests\Tests.csproj", "{71B066C6-0585-4E8B-8E98-512499B653D8}"
EndProject
Project("{FAE04EC0-301F-11D3-BF4B-00C04F79EFBC}") = "Interchange", "Interchange\Interchange.csproj", "{D6EDAD0E-8050-48F3-AE83-64242091FE07}"
EndProject
Project("{FAE04EC0-301F-11D3-BF4B-00C04F79EFBC}") = "DDD", "..\..\..\DDD\DDD.csproj", "{AD376727-1848-4C8E-88DA-9CDE6D8FEA4F}"
EndProject
Global
	GlobalSection(SolutionConfigurationPlatforms) = preSolution
		Debug|Any CPU = Debug|Any CPU
		Release|Any CPU = Release|Any CPU
	EndGlobalSection
	GlobalSection(ProjectConfigurationPlatforms) = postSolution
		{5253D1B5-C03C-44D2-B251-2CCC6A1D3158}.Debug|Any CPU.ActiveCfg = Debug|Any CPU
		{5253D1B5-C03C-44D2-B251-2CCC6A1D3158}.Debug|Any CPU.Build.0 = Debug|Any CPU
		{5253D1B5-C03C-44D2-B251-2CCC6A1D3158}.Release|Any CPU.ActiveCfg = Release|Any CPU
		{5253D1B5-C03C-44D2-B251-2CCC6A1D3158}.Release|Any CPU.Build.0 = Release|Any CPU
		{4C09B9CA-14CB-4C53-B6D5-B1F2A72026C8}.Debug|Any CPU.ActiveCfg = Debug|Any CPU
		{4C09B9CA-14CB-4C53-B6D5-B1F2A72026C8}.Debug|Any CPU.Build.0 = Debug|Any CPU
		{4C09B9CA-14CB-4C53-B6D5-B1F2A72026C8}.Release|Any CPU.ActiveCfg = Release|Any CPU
		{4C09B9CA-14CB-4C53-B6D5-B1F2A72026C8}.Release|Any CPU.Build.0 = Release|Any CPU
		{98BCC45C-0780-4A42-8DF4-26BF210BCACE}.Debug|Any CPU.ActiveCfg = Debug|Any CPU
		{98BCC45C-0780-4A42-8DF4-26BF210BCACE}.Debug|Any CPU.Build.0 = Debug|Any CPU
		{98BCC45C-0780-4A42-8DF4-26BF210BCACE}.Release|Any CPU.ActiveCfg = Release|Any CPU
		{98BCC45C-0780-4A42-8DF4-26BF210BCACE}.Release|Any CPU.Build.0 = Release|Any CPU
		{BF758F5A-0245-4984-B866-7117C5E137F9}.Debug|Any CPU.ActiveCfg = Debug|Any CPU
		{BF758F5A-0245-4984-B866-7117C5E137F9}.Debug|Any CPU.Build.0 = Debug|Any CPU
		{BF758F5A-0245-4984-B866-7117C5E137F9}.Release|Any CPU.ActiveCfg = Release|Any CPU
		{BF758F5A-0245-4984-B866-7117C5E137F9}.Release|Any CPU.Build.0 = Release|Any CPU
		{71B066C6-0585-4E8B-8E98-512499B653D8}.Debug|Any CPU.ActiveCfg = Debug|Any CPU
		{71B066C6-0585-4E8B-8E98-512499B653D8}.Debug|Any CPU.Build.0 = Debug|Any CPU
		{71B066C6-0585-4E8B-8E98-512499B653D8}.Release|Any CPU.ActiveCfg = Release|Any CPU
		{71B066C6-0585-4E8B-8E98-512499B653D8}.Release|Any CPU.Build.0 = Release|Any CPU
		{D6EDAD0E-8050-48F3-AE83-64242091FE07}.Debug|Any CPU.ActiveCfg = Debug|Any CPU
		{D6EDAD0E-8050-48F3-AE83-64242091FE07}.Debug|Any CPU.Build.0 = Debug|Any CPU
		{D6EDAD0E-8050-48F3-AE83-64242091FE07}.Release|Any CPU.ActiveCfg = Release|Any CPU
		{D6EDAD0E-8050-48F3-AE83-64242091FE07}.Release|Any CPU.Build.0 = Release|Any CPU
		{AD376727-1848-4C8E-88DA-9CDE6D8FEA4F}.Debug|Any CPU.ActiveCfg = Debug|Any CPU
		{AD376727-1848-4C8E-88DA-9CDE6D8FEA4F}.Debug|Any CPU.Build.0 = Debug|Any CPU
		{AD376727-1848-4C8E-88DA-9CDE6D8FEA4F}.Release|Any CPU.ActiveCfg = Release|Any CPU
		{AD376727-1848-4C8E-88DA-9CDE6D8FEA4F}.Release|Any CPU.Build.0 = Release|Any CPU
	EndGlobalSection
EndGlobal
