
Microsoft Visual Studio Solution File, Format Version 12.00
# 
Project("{FAE04EC0-301F-11D3-BF4B-00C04F79EFBC}") = "MyBoundedContext", "MyBoundedContext\MyBoundedContext.csproj", "{9172FB3E-A6C9-4D0F-9A92-A6498DA26574}"
EndProject
Global
	GlobalSection(SolutionConfigurationPlatforms) = preSolution
		Debug|Any CPU = Debug|Any CPU
		Release|Any CPU = Release|Any CPU
	EndGlobalSection
	GlobalSection(ProjectConfigurationPlatforms) = postSolution
		{9172FB3E-A6C9-4D0F-9A92-A6498DA26574}.Debug|Any CPU.ActiveCfg = Debug|Any CPU
		{9172FB3E-A6C9-4D0F-9A92-A6498DA26574}.Debug|Any CPU.Build.0 = Debug|Any CPU
		{9172FB3E-A6C9-4D0F-9A92-A6498DA26574}.Release|Any CPU.ActiveCfg = Release|Any CPU
		{9172FB3E-A6C9-4D0F-9A92-A6498DA26574}.Release|Any CPU.Build.0 = Release|Any CPU
	EndGlobalSection
EndGlobal
