
Microsoft Visual Studio Solution File, Format Version 12.00
# Visual Studio Version 16
VisualStudioVersion = 16.0.810.13
MinimumVisualStudioVersion = 10.0.40219.1
Project("{FAE04EC0-301F-11D3-BF4B-00C04F79EFBC}") = "DDD", "DDD\DDD.csproj", "{FEC026DF-7D32-4681-AEAD-96DA766F3C14}"
EndProject
Global
	GlobalSection(SolutionConfigurationPlatforms) = preSolution
		Debug|Any CPU = Debug|Any CPU
		Release|Any CPU = Release|Any CPU
	EndGlobalSection
	GlobalSection(ProjectConfigurationPlatforms) = postSolution
		{FEC026DF-7D32-4681-AEAD-96DA766F3C14}.Debug|Any CPU.ActiveCfg = Debug|Any CPU
		{FEC026DF-7D32-4681-AEAD-96DA766F3C14}.Debug|Any CPU.Build.0 = Debug|Any CPU
		{FEC026DF-7D32-4681-AEAD-96DA766F3C14}.Release|Any CPU.ActiveCfg = Release|Any CPU
		{FEC026DF-7D32-4681-AEAD-96DA766F3C14}.Release|Any CPU.Build.0 = Release|Any CPU
	EndGlobalSection
	GlobalSection(SolutionProperties) = preSolution
		HideSolutionNode = FALSE
	EndGlobalSection
	GlobalSection(ExtensibilityGlobals) = postSolution
		SolutionGuid = {F6EBCA22-70CE-4D79-B522-0C81DFBB092F}
	EndGlobalSection
EndGlobal
